
Microsoft Visual Studio Solution File, Format Version 12.00
# Visual Studio 2013
VisualStudioVersion = 12.0.31101.0
MinimumVisualStudioVersion = 10.0.40219.1
Project("{2150E333-8FDC-42A3-9474-1A3956D46DE8}") = "SolutionFiles", "SolutionFiles", "{C1A47B45-547F-4BBB-8A35-40C94B9495F5}"
	ProjectSection(SolutionItems) = preProject
		app_offline.html = app_offline.html
	EndProjectSection
EndProject
Project("{FAE04EC0-301F-11D3-BF4B-00C04F79EFBC}") = "fotoShoutApi", "FotoShoutApi\fotoShoutApi.csproj", "{766EB796-F5E8-4E3D-A81C-822883DEA59E}"
EndProject
Project("{FAE04EC0-301F-11D3-BF4B-00C04F79EFBC}") = "fotoShoutPublishingService", "FotoShoutPublishingService\fotoShoutPublishingService.csproj", "{55B5F91D-57A5-4FE7-B5E5-25F20EB5B0F7}"
EndProject
Project("{FAE04EC0-301F-11D3-BF4B-00C04F79EFBC}") = "fotoShoutUtils", "FotoShoutUtils\fotoShoutUtils.csproj", "{A4FB5C7B-D185-41BD-809B-9E3E7080889B}"
EndProject
Project("{FAE04EC0-301F-11D3-BF4B-00C04F79EFBC}") = "fotoShoutSyncService", "FotoShoutSyncService\fotoShoutSyncService.csproj", "{CAE405AA-2A7D-4894-B87A-8C5BA3D3DFD5}"
EndProject
Project("{FAE04EC0-301F-11D3-BF4B-00C04F79EFBC}") = "fotoShoutPortal", "FotoShoutPortal\fotoShoutPortal.csproj", "{F27C26D9-976B-4A7A-B7AF-C85215FAD97B}"
EndProject
Project("{FAE04EC0-301F-11D3-BF4B-00C04F79EFBC}") = "fotoShoutData", "FotoShoutData\fotoShoutData.csproj", "{95C5B374-8111-4EA3-8CEE-A5E92C0FAF11}"
EndProject
Project("{FAE04EC0-301F-11D3-BF4B-00C04F79EFBC}") = "fsSyncWebService", "WcfSyncServiceLib\fsSyncWebService.csproj", "{15B3E0D2-6217-493A-A690-158C497F5318}"
EndProject
Project("{FAE04EC0-301F-11D3-BF4B-00C04F79EFBC}") = "fotoShoutWebSync", "FotoShoutWebSync\fotoShoutWebSync.csproj", "{C1E1AA8E-0288-45F3-A4F0-422F1200D18D}"
EndProject
Project("{6141683F-8A12-4E36-9623-2EB02B2C2303}") = "fotoShoutPublishingSvcSetup", "fotoShoutPublishingSvcSetup\fotoShoutPublishingSvcSetup.isproj", "{197A0119-7CF3-4A88-9453-7226560DD638}"
	ProjectSection(ProjectDependencies) = postProject
		{55B5F91D-57A5-4FE7-B5E5-25F20EB5B0F7} = {55B5F91D-57A5-4FE7-B5E5-25F20EB5B0F7}
	EndProjectSection
EndProject
Global
	GlobalSection(SolutionConfigurationPlatforms) = preSolution
		CD_ROM|Any CPU = CD_ROM|Any CPU
		Custom|Any CPU = Custom|Any CPU
		Debug|Any CPU = Debug|Any CPU
		DVD-10|Any CPU = DVD-10|Any CPU
		DVD-18|Any CPU = DVD-18|Any CPU
		DVD-5|Any CPU = DVD-5|Any CPU
		DVD-9|Any CPU = DVD-9|Any CPU
		Release.Ce|Any CPU = Release.Ce|Any CPU
		Release.SQL|Any CPU = Release.SQL|Any CPU
		Release.SQLExpressLocal|Any CPU = Release.SQLExpressLocal|Any CPU
		Release|Any CPU = Release|Any CPU
		SingleImage|Any CPU = SingleImage|Any CPU
		WebDeployment|Any CPU = WebDeployment|Any CPU
	EndGlobalSection
	GlobalSection(ProjectConfigurationPlatforms) = postSolution
		{766EB796-F5E8-4E3D-A81C-822883DEA59E}.CD_ROM|Any CPU.ActiveCfg = Release|Any CPU
		{766EB796-F5E8-4E3D-A81C-822883DEA59E}.CD_ROM|Any CPU.Build.0 = Release|Any CPU
		{766EB796-F5E8-4E3D-A81C-822883DEA59E}.Custom|Any CPU.ActiveCfg = Debug|Any CPU
		{766EB796-F5E8-4E3D-A81C-822883DEA59E}.Custom|Any CPU.Build.0 = Debug|Any CPU
		{766EB796-F5E8-4E3D-A81C-822883DEA59E}.Debug|Any CPU.ActiveCfg = Debug|Any CPU
		{766EB796-F5E8-4E3D-A81C-822883DEA59E}.Debug|Any CPU.Build.0 = Debug|Any CPU
		{766EB796-F5E8-4E3D-A81C-822883DEA59E}.DVD-10|Any CPU.ActiveCfg = Debug|Any CPU
		{766EB796-F5E8-4E3D-A81C-822883DEA59E}.DVD-10|Any CPU.Build.0 = Debug|Any CPU
		{766EB796-F5E8-4E3D-A81C-822883DEA59E}.DVD-18|Any CPU.ActiveCfg = Debug|Any CPU
		{766EB796-F5E8-4E3D-A81C-822883DEA59E}.DVD-18|Any CPU.Build.0 = Debug|Any CPU
		{766EB796-F5E8-4E3D-A81C-822883DEA59E}.DVD-5|Any CPU.ActiveCfg = Debug|Any CPU
		{766EB796-F5E8-4E3D-A81C-822883DEA59E}.DVD-5|Any CPU.Build.0 = Debug|Any CPU
		{766EB796-F5E8-4E3D-A81C-822883DEA59E}.DVD-9|Any CPU.ActiveCfg = Debug|Any CPU
		{766EB796-F5E8-4E3D-A81C-822883DEA59E}.DVD-9|Any CPU.Build.0 = Debug|Any CPU
		{766EB796-F5E8-4E3D-A81C-822883DEA59E}.Release.Ce|Any CPU.ActiveCfg = Release.Ce|Any CPU
		{766EB796-F5E8-4E3D-A81C-822883DEA59E}.Release.Ce|Any CPU.Build.0 = Release.Ce|Any CPU
		{766EB796-F5E8-4E3D-A81C-822883DEA59E}.Release.SQL|Any CPU.ActiveCfg = Release.SQL|Any CPU
		{766EB796-F5E8-4E3D-A81C-822883DEA59E}.Release.SQL|Any CPU.Build.0 = Release.SQL|Any CPU
		{766EB796-F5E8-4E3D-A81C-822883DEA59E}.Release.SQLExpressLocal|Any CPU.ActiveCfg = Release.SQLExpressLocal|Any CPU
		{766EB796-F5E8-4E3D-A81C-822883DEA59E}.Release.SQLExpressLocal|Any CPU.Build.0 = Release.SQLExpressLocal|Any CPU
		{766EB796-F5E8-4E3D-A81C-822883DEA59E}.Release|Any CPU.ActiveCfg = Release|Any CPU
		{766EB796-F5E8-4E3D-A81C-822883DEA59E}.Release|Any CPU.Build.0 = Release|Any CPU
		{766EB796-F5E8-4E3D-A81C-822883DEA59E}.SingleImage|Any CPU.ActiveCfg = Release|Any CPU
		{766EB796-F5E8-4E3D-A81C-822883DEA59E}.SingleImage|Any CPU.Build.0 = Release|Any CPU
		{766EB796-F5E8-4E3D-A81C-822883DEA59E}.WebDeployment|Any CPU.ActiveCfg = Debug|Any CPU
		{766EB796-F5E8-4E3D-A81C-822883DEA59E}.WebDeployment|Any CPU.Build.0 = Debug|Any CPU
		{55B5F91D-57A5-4FE7-B5E5-25F20EB5B0F7}.CD_ROM|Any CPU.ActiveCfg = Release|Any CPU
		{55B5F91D-57A5-4FE7-B5E5-25F20EB5B0F7}.CD_ROM|Any CPU.Build.0 = Release|Any CPU
		{55B5F91D-57A5-4FE7-B5E5-25F20EB5B0F7}.Custom|Any CPU.ActiveCfg = Debug|Any CPU
		{55B5F91D-57A5-4FE7-B5E5-25F20EB5B0F7}.Custom|Any CPU.Build.0 = Debug|Any CPU
		{55B5F91D-57A5-4FE7-B5E5-25F20EB5B0F7}.Debug|Any CPU.ActiveCfg = Debug|Any CPU
		{55B5F91D-57A5-4FE7-B5E5-25F20EB5B0F7}.Debug|Any CPU.Build.0 = Debug|Any CPU
		{55B5F91D-57A5-4FE7-B5E5-25F20EB5B0F7}.DVD-10|Any CPU.ActiveCfg = Debug|Any CPU
		{55B5F91D-57A5-4FE7-B5E5-25F20EB5B0F7}.DVD-10|Any CPU.Build.0 = Debug|Any CPU
		{55B5F91D-57A5-4FE7-B5E5-25F20EB5B0F7}.DVD-18|Any CPU.ActiveCfg = Debug|Any CPU
		{55B5F91D-57A5-4FE7-B5E5-25F20EB5B0F7}.DVD-18|Any CPU.Build.0 = Debug|Any CPU
		{55B5F91D-57A5-4FE7-B5E5-25F20EB5B0F7}.DVD-5|Any CPU.ActiveCfg = Debug|Any CPU
		{55B5F91D-57A5-4FE7-B5E5-25F20EB5B0F7}.DVD-5|Any CPU.Build.0 = Debug|Any CPU
		{55B5F91D-57A5-4FE7-B5E5-25F20EB5B0F7}.DVD-9|Any CPU.ActiveCfg = Debug|Any CPU
		{55B5F91D-57A5-4FE7-B5E5-25F20EB5B0F7}.DVD-9|Any CPU.Build.0 = Debug|Any CPU
		{55B5F91D-57A5-4FE7-B5E5-25F20EB5B0F7}.Release.Ce|Any CPU.ActiveCfg = Release.Ce|Any CPU
		{55B5F91D-57A5-4FE7-B5E5-25F20EB5B0F7}.Release.Ce|Any CPU.Build.0 = Release.Ce|Any CPU
		{55B5F91D-57A5-4FE7-B5E5-25F20EB5B0F7}.Release.SQL|Any CPU.ActiveCfg = Release.SQL|Any CPU
		{55B5F91D-57A5-4FE7-B5E5-25F20EB5B0F7}.Release.SQL|Any CPU.Build.0 = Release.SQL|Any CPU
		{55B5F91D-57A5-4FE7-B5E5-25F20EB5B0F7}.Release.SQLExpressLocal|Any CPU.ActiveCfg = Release.SQLExpressLocal|Any CPU
		{55B5F91D-57A5-4FE7-B5E5-25F20EB5B0F7}.Release.SQLExpressLocal|Any CPU.Build.0 = Release.SQLExpressLocal|Any CPU
		{55B5F91D-57A5-4FE7-B5E5-25F20EB5B0F7}.Release|Any CPU.ActiveCfg = Release|Any CPU
		{55B5F91D-57A5-4FE7-B5E5-25F20EB5B0F7}.Release|Any CPU.Build.0 = Release|Any CPU
		{55B5F91D-57A5-4FE7-B5E5-25F20EB5B0F7}.SingleImage|Any CPU.ActiveCfg = Release|Any CPU
		{55B5F91D-57A5-4FE7-B5E5-25F20EB5B0F7}.SingleImage|Any CPU.Build.0 = Release|Any CPU
		{55B5F91D-57A5-4FE7-B5E5-25F20EB5B0F7}.WebDeployment|Any CPU.ActiveCfg = Debug|Any CPU
		{55B5F91D-57A5-4FE7-B5E5-25F20EB5B0F7}.WebDeployment|Any CPU.Build.0 = Debug|Any CPU
		{A4FB5C7B-D185-41BD-809B-9E3E7080889B}.CD_ROM|Any CPU.ActiveCfg = Release|Any CPU
		{A4FB5C7B-D185-41BD-809B-9E3E7080889B}.CD_ROM|Any CPU.Build.0 = Release|Any CPU
		{A4FB5C7B-D185-41BD-809B-9E3E7080889B}.Custom|Any CPU.ActiveCfg = Debug|Any CPU
		{A4FB5C7B-D185-41BD-809B-9E3E7080889B}.Custom|Any CPU.Build.0 = Debug|Any CPU
		{A4FB5C7B-D185-41BD-809B-9E3E7080889B}.Debug|Any CPU.ActiveCfg = Debug|Any CPU
		{A4FB5C7B-D185-41BD-809B-9E3E7080889B}.Debug|Any CPU.Build.0 = Debug|Any CPU
		{A4FB5C7B-D185-41BD-809B-9E3E7080889B}.DVD-10|Any CPU.ActiveCfg = Debug|Any CPU
		{A4FB5C7B-D185-41BD-809B-9E3E7080889B}.DVD-10|Any CPU.Build.0 = Debug|Any CPU
		{A4FB5C7B-D185-41BD-809B-9E3E7080889B}.DVD-18|Any CPU.ActiveCfg = Debug|Any CPU
		{A4FB5C7B-D185-41BD-809B-9E3E7080889B}.DVD-18|Any CPU.Build.0 = Debug|Any CPU
		{A4FB5C7B-D185-41BD-809B-9E3E7080889B}.DVD-5|Any CPU.ActiveCfg = Debug|Any CPU
		{A4FB5C7B-D185-41BD-809B-9E3E7080889B}.DVD-5|Any CPU.Build.0 = Debug|Any CPU
		{A4FB5C7B-D185-41BD-809B-9E3E7080889B}.DVD-9|Any CPU.ActiveCfg = Debug|Any CPU
		{A4FB5C7B-D185-41BD-809B-9E3E7080889B}.DVD-9|Any CPU.Build.0 = Debug|Any CPU
		{A4FB5C7B-D185-41BD-809B-9E3E7080889B}.Release.Ce|Any CPU.ActiveCfg = Release.Ce|Any CPU
		{A4FB5C7B-D185-41BD-809B-9E3E7080889B}.Release.Ce|Any CPU.Build.0 = Release.Ce|Any CPU
		{A4FB5C7B-D185-41BD-809B-9E3E7080889B}.Release.SQL|Any CPU.ActiveCfg = Release.SQL|Any CPU
		{A4FB5C7B-D185-41BD-809B-9E3E7080889B}.Release.SQL|Any CPU.Build.0 = Release.SQL|Any CPU
		{A4FB5C7B-D185-41BD-809B-9E3E7080889B}.Release.SQLExpressLocal|Any CPU.ActiveCfg = Release.SQLExpressLocal|Any CPU
		{A4FB5C7B-D185-41BD-809B-9E3E7080889B}.Release.SQLExpressLocal|Any CPU.Build.0 = Release.SQLExpressLocal|Any CPU
		{A4FB5C7B-D185-41BD-809B-9E3E7080889B}.Release|Any CPU.ActiveCfg = Release|Any CPU
		{A4FB5C7B-D185-41BD-809B-9E3E7080889B}.Release|Any CPU.Build.0 = Release|Any CPU
		{A4FB5C7B-D185-41BD-809B-9E3E7080889B}.SingleImage|Any CPU.ActiveCfg = Release|Any CPU
		{A4FB5C7B-D185-41BD-809B-9E3E7080889B}.SingleImage|Any CPU.Build.0 = Release|Any CPU
		{A4FB5C7B-D185-41BD-809B-9E3E7080889B}.WebDeployment|Any CPU.ActiveCfg = Debug|Any CPU
		{A4FB5C7B-D185-41BD-809B-9E3E7080889B}.WebDeployment|Any CPU.Build.0 = Debug|Any CPU
		{CAE405AA-2A7D-4894-B87A-8C5BA3D3DFD5}.CD_ROM|Any CPU.ActiveCfg = Release|Any CPU
		{CAE405AA-2A7D-4894-B87A-8C5BA3D3DFD5}.CD_ROM|Any CPU.Build.0 = Release|Any CPU
		{CAE405AA-2A7D-4894-B87A-8C5BA3D3DFD5}.Custom|Any CPU.ActiveCfg = Debug|Any CPU
		{CAE405AA-2A7D-4894-B87A-8C5BA3D3DFD5}.Custom|Any CPU.Build.0 = Debug|Any CPU
		{CAE405AA-2A7D-4894-B87A-8C5BA3D3DFD5}.Debug|Any CPU.ActiveCfg = Debug|Any CPU
		{CAE405AA-2A7D-4894-B87A-8C5BA3D3DFD5}.Debug|Any CPU.Build.0 = Debug|Any CPU
		{CAE405AA-2A7D-4894-B87A-8C5BA3D3DFD5}.DVD-10|Any CPU.ActiveCfg = Debug|Any CPU
		{CAE405AA-2A7D-4894-B87A-8C5BA3D3DFD5}.DVD-10|Any CPU.Build.0 = Debug|Any CPU
		{CAE405AA-2A7D-4894-B87A-8C5BA3D3DFD5}.DVD-18|Any CPU.ActiveCfg = Debug|Any CPU
		{CAE405AA-2A7D-4894-B87A-8C5BA3D3DFD5}.DVD-18|Any CPU.Build.0 = Debug|Any CPU
		{CAE405AA-2A7D-4894-B87A-8C5BA3D3DFD5}.DVD-5|Any CPU.ActiveCfg = Debug|Any CPU
		{CAE405AA-2A7D-4894-B87A-8C5BA3D3DFD5}.DVD-5|Any CPU.Build.0 = Debug|Any CPU
		{CAE405AA-2A7D-4894-B87A-8C5BA3D3DFD5}.DVD-9|Any CPU.ActiveCfg = Debug|Any CPU
		{CAE405AA-2A7D-4894-B87A-8C5BA3D3DFD5}.DVD-9|Any CPU.Build.0 = Debug|Any CPU
		{CAE405AA-2A7D-4894-B87A-8C5BA3D3DFD5}.Release.Ce|Any CPU.ActiveCfg = Release.Ce|Any CPU
		{CAE405AA-2A7D-4894-B87A-8C5BA3D3DFD5}.Release.Ce|Any CPU.Build.0 = Release.Ce|Any CPU
		{CAE405AA-2A7D-4894-B87A-8C5BA3D3DFD5}.Release.SQL|Any CPU.ActiveCfg = Release.SQL|Any CPU
		{CAE405AA-2A7D-4894-B87A-8C5BA3D3DFD5}.Release.SQL|Any CPU.Build.0 = Release.SQL|Any CPU
		{CAE405AA-2A7D-4894-B87A-8C5BA3D3DFD5}.Release.SQLExpressLocal|Any CPU.ActiveCfg = Release.SQLExpressLocal|Any CPU
		{CAE405AA-2A7D-4894-B87A-8C5BA3D3DFD5}.Release.SQLExpressLocal|Any CPU.Build.0 = Release.SQLExpressLocal|Any CPU
		{CAE405AA-2A7D-4894-B87A-8C5BA3D3DFD5}.Release|Any CPU.ActiveCfg = Release|Any CPU
		{CAE405AA-2A7D-4894-B87A-8C5BA3D3DFD5}.Release|Any CPU.Build.0 = Release|Any CPU
		{CAE405AA-2A7D-4894-B87A-8C5BA3D3DFD5}.SingleImage|Any CPU.ActiveCfg = Release|Any CPU
		{CAE405AA-2A7D-4894-B87A-8C5BA3D3DFD5}.SingleImage|Any CPU.Build.0 = Release|Any CPU
		{CAE405AA-2A7D-4894-B87A-8C5BA3D3DFD5}.WebDeployment|Any CPU.ActiveCfg = Debug|Any CPU
		{CAE405AA-2A7D-4894-B87A-8C5BA3D3DFD5}.WebDeployment|Any CPU.Build.0 = Debug|Any CPU
		{F27C26D9-976B-4A7A-B7AF-C85215FAD97B}.CD_ROM|Any CPU.ActiveCfg = Release|Any CPU
		{F27C26D9-976B-4A7A-B7AF-C85215FAD97B}.CD_ROM|Any CPU.Build.0 = Release|Any CPU
		{F27C26D9-976B-4A7A-B7AF-C85215FAD97B}.Custom|Any CPU.ActiveCfg = Debug|Any CPU
		{F27C26D9-976B-4A7A-B7AF-C85215FAD97B}.Custom|Any CPU.Build.0 = Debug|Any CPU
		{F27C26D9-976B-4A7A-B7AF-C85215FAD97B}.Debug|Any CPU.ActiveCfg = Debug|Any CPU
		{F27C26D9-976B-4A7A-B7AF-C85215FAD97B}.Debug|Any CPU.Build.0 = Debug|Any CPU
		{F27C26D9-976B-4A7A-B7AF-C85215FAD97B}.DVD-10|Any CPU.ActiveCfg = Debug|Any CPU
		{F27C26D9-976B-4A7A-B7AF-C85215FAD97B}.DVD-10|Any CPU.Build.0 = Debug|Any CPU
		{F27C26D9-976B-4A7A-B7AF-C85215FAD97B}.DVD-18|Any CPU.ActiveCfg = Debug|Any CPU
		{F27C26D9-976B-4A7A-B7AF-C85215FAD97B}.DVD-18|Any CPU.Build.0 = Debug|Any CPU
		{F27C26D9-976B-4A7A-B7AF-C85215FAD97B}.DVD-5|Any CPU.ActiveCfg = Debug|Any CPU
		{F27C26D9-976B-4A7A-B7AF-C85215FAD97B}.DVD-5|Any CPU.Build.0 = Debug|Any CPU
		{F27C26D9-976B-4A7A-B7AF-C85215FAD97B}.DVD-9|Any CPU.ActiveCfg = Debug|Any CPU
		{F27C26D9-976B-4A7A-B7AF-C85215FAD97B}.DVD-9|Any CPU.Build.0 = Debug|Any CPU
		{F27C26D9-976B-4A7A-B7AF-C85215FAD97B}.Release.Ce|Any CPU.ActiveCfg = Release.Ce|Any CPU
		{F27C26D9-976B-4A7A-B7AF-C85215FAD97B}.Release.Ce|Any CPU.Build.0 = Release.Ce|Any CPU
		{F27C26D9-976B-4A7A-B7AF-C85215FAD97B}.Release.SQL|Any CPU.ActiveCfg = Release.SQL|Any CPU
		{F27C26D9-976B-4A7A-B7AF-C85215FAD97B}.Release.SQL|Any CPU.Build.0 = Release.SQL|Any CPU
		{F27C26D9-976B-4A7A-B7AF-C85215FAD97B}.Release.SQLExpressLocal|Any CPU.ActiveCfg = Release.SQLExpressLocal|Any CPU
		{F27C26D9-976B-4A7A-B7AF-C85215FAD97B}.Release.SQLExpressLocal|Any CPU.Build.0 = Release.SQLExpressLocal|Any CPU
		{F27C26D9-976B-4A7A-B7AF-C85215FAD97B}.Release|Any CPU.ActiveCfg = Release|Any CPU
		{F27C26D9-976B-4A7A-B7AF-C85215FAD97B}.Release|Any CPU.Build.0 = Release|Any CPU
		{F27C26D9-976B-4A7A-B7AF-C85215FAD97B}.SingleImage|Any CPU.ActiveCfg = Release|Any CPU
		{F27C26D9-976B-4A7A-B7AF-C85215FAD97B}.SingleImage|Any CPU.Build.0 = Release|Any CPU
		{F27C26D9-976B-4A7A-B7AF-C85215FAD97B}.WebDeployment|Any CPU.ActiveCfg = Debug|Any CPU
		{F27C26D9-976B-4A7A-B7AF-C85215FAD97B}.WebDeployment|Any CPU.Build.0 = Debug|Any CPU
		{95C5B374-8111-4EA3-8CEE-A5E92C0FAF11}.CD_ROM|Any CPU.ActiveCfg = Release|Any CPU
		{95C5B374-8111-4EA3-8CEE-A5E92C0FAF11}.CD_ROM|Any CPU.Build.0 = Release|Any CPU
		{95C5B374-8111-4EA3-8CEE-A5E92C0FAF11}.Custom|Any CPU.ActiveCfg = Debug|Any CPU
		{95C5B374-8111-4EA3-8CEE-A5E92C0FAF11}.Custom|Any CPU.Build.0 = Debug|Any CPU
		{95C5B374-8111-4EA3-8CEE-A5E92C0FAF11}.Debug|Any CPU.ActiveCfg = Debug|Any CPU
		{95C5B374-8111-4EA3-8CEE-A5E92C0FAF11}.Debug|Any CPU.Build.0 = Debug|Any CPU
		{95C5B374-8111-4EA3-8CEE-A5E92C0FAF11}.DVD-10|Any CPU.ActiveCfg = Debug|Any CPU
		{95C5B374-8111-4EA3-8CEE-A5E92C0FAF11}.DVD-10|Any CPU.Build.0 = Debug|Any CPU
		{95C5B374-8111-4EA3-8CEE-A5E92C0FAF11}.DVD-18|Any CPU.ActiveCfg = Debug|Any CPU
		{95C5B374-8111-4EA3-8CEE-A5E92C0FAF11}.DVD-18|Any CPU.Build.0 = Debug|Any CPU
		{95C5B374-8111-4EA3-8CEE-A5E92C0FAF11}.DVD-5|Any CPU.ActiveCfg = Debug|Any CPU
		{95C5B374-8111-4EA3-8CEE-A5E92C0FAF11}.DVD-5|Any CPU.Build.0 = Debug|Any CPU
		{95C5B374-8111-4EA3-8CEE-A5E92C0FAF11}.DVD-9|Any CPU.ActiveCfg = Debug|Any CPU
		{95C5B374-8111-4EA3-8CEE-A5E92C0FAF11}.DVD-9|Any CPU.Build.0 = Debug|Any CPU
		{95C5B374-8111-4EA3-8CEE-A5E92C0FAF11}.Release.Ce|Any CPU.ActiveCfg = Release.Ce|Any CPU
		{95C5B374-8111-4EA3-8CEE-A5E92C0FAF11}.Release.Ce|Any CPU.Build.0 = Release.Ce|Any CPU
		{95C5B374-8111-4EA3-8CEE-A5E92C0FAF11}.Release.SQL|Any CPU.ActiveCfg = Release.SQL|Any CPU
		{95C5B374-8111-4EA3-8CEE-A5E92C0FAF11}.Release.SQL|Any CPU.Build.0 = Release.SQL|Any CPU
		{95C5B374-8111-4EA3-8CEE-A5E92C0FAF11}.Release.SQLExpressLocal|Any CPU.ActiveCfg = Release.SQLExpressLocal|Any CPU
		{95C5B374-8111-4EA3-8CEE-A5E92C0FAF11}.Release.SQLExpressLocal|Any CPU.Build.0 = Release.SQLExpressLocal|Any CPU
		{95C5B374-8111-4EA3-8CEE-A5E92C0FAF11}.Release|Any CPU.ActiveCfg = Release|Any CPU
		{95C5B374-8111-4EA3-8CEE-A5E92C0FAF11}.Release|Any CPU.Build.0 = Release|Any CPU
		{95C5B374-8111-4EA3-8CEE-A5E92C0FAF11}.SingleImage|Any CPU.ActiveCfg = Release|Any CPU
		{95C5B374-8111-4EA3-8CEE-A5E92C0FAF11}.SingleImage|Any CPU.Build.0 = Release|Any CPU
		{95C5B374-8111-4EA3-8CEE-A5E92C0FAF11}.WebDeployment|Any CPU.ActiveCfg = Debug|Any CPU
		{95C5B374-8111-4EA3-8CEE-A5E92C0FAF11}.WebDeployment|Any CPU.Build.0 = Debug|Any CPU
		{15B3E0D2-6217-493A-A690-158C497F5318}.CD_ROM|Any CPU.ActiveCfg = Release|Any CPU
		{15B3E0D2-6217-493A-A690-158C497F5318}.CD_ROM|Any CPU.Build.0 = Release|Any CPU
		{15B3E0D2-6217-493A-A690-158C497F5318}.Custom|Any CPU.ActiveCfg = Debug|Any CPU
		{15B3E0D2-6217-493A-A690-158C497F5318}.Custom|Any CPU.Build.0 = Debug|Any CPU
		{15B3E0D2-6217-493A-A690-158C497F5318}.Debug|Any CPU.ActiveCfg = Debug|Any CPU
		{15B3E0D2-6217-493A-A690-158C497F5318}.Debug|Any CPU.Build.0 = Debug|Any CPU
		{15B3E0D2-6217-493A-A690-158C497F5318}.DVD-10|Any CPU.ActiveCfg = Debug|Any CPU
		{15B3E0D2-6217-493A-A690-158C497F5318}.DVD-10|Any CPU.Build.0 = Debug|Any CPU
		{15B3E0D2-6217-493A-A690-158C497F5318}.DVD-18|Any CPU.ActiveCfg = Debug|Any CPU
		{15B3E0D2-6217-493A-A690-158C497F5318}.DVD-18|Any CPU.Build.0 = Debug|Any CPU
		{15B3E0D2-6217-493A-A690-158C497F5318}.DVD-5|Any CPU.ActiveCfg = Debug|Any CPU
		{15B3E0D2-6217-493A-A690-158C497F5318}.DVD-5|Any CPU.Build.0 = Debug|Any CPU
		{15B3E0D2-6217-493A-A690-158C497F5318}.DVD-9|Any CPU.ActiveCfg = Debug|Any CPU
		{15B3E0D2-6217-493A-A690-158C497F5318}.DVD-9|Any CPU.Build.0 = Debug|Any CPU
		{15B3E0D2-6217-493A-A690-158C497F5318}.Release.Ce|Any CPU.ActiveCfg = Release.Ce|Any CPU
		{15B3E0D2-6217-493A-A690-158C497F5318}.Release.Ce|Any CPU.Build.0 = Release.Ce|Any CPU
		{15B3E0D2-6217-493A-A690-158C497F5318}.Release.SQL|Any CPU.ActiveCfg = Release.SQL|Any CPU
		{15B3E0D2-6217-493A-A690-158C497F5318}.Release.SQL|Any CPU.Build.0 = Release.SQL|Any CPU
		{15B3E0D2-6217-493A-A690-158C497F5318}.Release.SQLExpressLocal|Any CPU.ActiveCfg = Release.SQLExpressLocal|Any CPU
		{15B3E0D2-6217-493A-A690-158C497F5318}.Release.SQLExpressLocal|Any CPU.Build.0 = Release.SQLExpressLocal|Any CPU
		{15B3E0D2-6217-493A-A690-158C497F5318}.Release|Any CPU.ActiveCfg = Release|Any CPU
		{15B3E0D2-6217-493A-A690-158C497F5318}.Release|Any CPU.Build.0 = Release|Any CPU
		{15B3E0D2-6217-493A-A690-158C497F5318}.SingleImage|Any CPU.ActiveCfg = Release|Any CPU
		{15B3E0D2-6217-493A-A690-158C497F5318}.SingleImage|Any CPU.Build.0 = Release|Any CPU
		{15B3E0D2-6217-493A-A690-158C497F5318}.WebDeployment|Any CPU.ActiveCfg = Debug|Any CPU
		{15B3E0D2-6217-493A-A690-158C497F5318}.WebDeployment|Any CPU.Build.0 = Debug|Any CPU
		{C1E1AA8E-0288-45F3-A4F0-422F1200D18D}.CD_ROM|Any CPU.ActiveCfg = Release|Any CPU
		{C1E1AA8E-0288-45F3-A4F0-422F1200D18D}.CD_ROM|Any CPU.Build.0 = Release|Any CPU
		{C1E1AA8E-0288-45F3-A4F0-422F1200D18D}.Custom|Any CPU.ActiveCfg = Debug|Any CPU
		{C1E1AA8E-0288-45F3-A4F0-422F1200D18D}.Custom|Any CPU.Build.0 = Debug|Any CPU
		{C1E1AA8E-0288-45F3-A4F0-422F1200D18D}.Debug|Any CPU.ActiveCfg = Debug|Any CPU
		{C1E1AA8E-0288-45F3-A4F0-422F1200D18D}.Debug|Any CPU.Build.0 = Debug|Any CPU
		{C1E1AA8E-0288-45F3-A4F0-422F1200D18D}.DVD-10|Any CPU.ActiveCfg = Debug|Any CPU
		{C1E1AA8E-0288-45F3-A4F0-422F1200D18D}.DVD-10|Any CPU.Build.0 = Debug|Any CPU
		{C1E1AA8E-0288-45F3-A4F0-422F1200D18D}.DVD-18|Any CPU.ActiveCfg = Debug|Any CPU
		{C1E1AA8E-0288-45F3-A4F0-422F1200D18D}.DVD-18|Any CPU.Build.0 = Debug|Any CPU
		{C1E1AA8E-0288-45F3-A4F0-422F1200D18D}.DVD-5|Any CPU.ActiveCfg = Debug|Any CPU
		{C1E1AA8E-0288-45F3-A4F0-422F1200D18D}.DVD-5|Any CPU.Build.0 = Debug|Any CPU
		{C1E1AA8E-0288-45F3-A4F0-422F1200D18D}.DVD-9|Any CPU.ActiveCfg = Debug|Any CPU
		{C1E1AA8E-0288-45F3-A4F0-422F1200D18D}.DVD-9|Any CPU.Build.0 = Debug|Any CPU
		{C1E1AA8E-0288-45F3-A4F0-422F1200D18D}.Release.Ce|Any CPU.ActiveCfg = Release.Ce|Any CPU
		{C1E1AA8E-0288-45F3-A4F0-422F1200D18D}.Release.Ce|Any CPU.Build.0 = Release.Ce|Any CPU
		{C1E1AA8E-0288-45F3-A4F0-422F1200D18D}.Release.SQL|Any CPU.ActiveCfg = Release.SQL|Any CPU
		{C1E1AA8E-0288-45F3-A4F0-422F1200D18D}.Release.SQL|Any CPU.Build.0 = Release.SQL|Any CPU
		{C1E1AA8E-0288-45F3-A4F0-422F1200D18D}.Release.SQLExpressLocal|Any CPU.ActiveCfg = Release.SQLExpressLocal|Any CPU
		{C1E1AA8E-0288-45F3-A4F0-422F1200D18D}.Release.SQLExpressLocal|Any CPU.Build.0 = Release.SQLExpressLocal|Any CPU
		{C1E1AA8E-0288-45F3-A4F0-422F1200D18D}.Release|Any CPU.ActiveCfg = Release|Any CPU
		{C1E1AA8E-0288-45F3-A4F0-422F1200D18D}.Release|Any CPU.Build.0 = Release|Any CPU
		{C1E1AA8E-0288-45F3-A4F0-422F1200D18D}.SingleImage|Any CPU.ActiveCfg = Release|Any CPU
		{C1E1AA8E-0288-45F3-A4F0-422F1200D18D}.SingleImage|Any CPU.Build.0 = Release|Any CPU
		{C1E1AA8E-0288-45F3-A4F0-422F1200D18D}.WebDeployment|Any CPU.ActiveCfg = Debug|Any CPU
		{C1E1AA8E-0288-45F3-A4F0-422F1200D18D}.WebDeployment|Any CPU.Build.0 = Debug|Any CPU
		{197A0119-7CF3-4A88-9453-7226560DD638}.CD_ROM|Any CPU.ActiveCfg = CD_ROM
		{197A0119-7CF3-4A88-9453-7226560DD638}.CD_ROM|Any CPU.Build.0 = CD_ROM
		{197A0119-7CF3-4A88-9453-7226560DD638}.Custom|Any CPU.ActiveCfg = CD_ROM
		{197A0119-7CF3-4A88-9453-7226560DD638}.Custom|Any CPU.Build.0 = CD_ROM
		{197A0119-7CF3-4A88-9453-7226560DD638}.Debug|Any CPU.ActiveCfg = DVD-5
		{197A0119-7CF3-4A88-9453-7226560DD638}.Debug|Any CPU.Build.0 = DVD-5
		{197A0119-7CF3-4A88-9453-7226560DD638}.DVD-10|Any CPU.ActiveCfg = DVD-5
		{197A0119-7CF3-4A88-9453-7226560DD638}.DVD-10|Any CPU.Build.0 = DVD-5
		{197A0119-7CF3-4A88-9453-7226560DD638}.DVD-18|Any CPU.ActiveCfg = DVD-5
		{197A0119-7CF3-4A88-9453-7226560DD638}.DVD-18|Any CPU.Build.0 = DVD-5
		{197A0119-7CF3-4A88-9453-7226560DD638}.DVD-5|Any CPU.ActiveCfg = DVD-5
		{197A0119-7CF3-4A88-9453-7226560DD638}.DVD-5|Any CPU.Build.0 = DVD-5
		{197A0119-7CF3-4A88-9453-7226560DD638}.DVD-9|Any CPU.ActiveCfg = DVD-5
		{197A0119-7CF3-4A88-9453-7226560DD638}.DVD-9|Any CPU.Build.0 = DVD-5
		{197A0119-7CF3-4A88-9453-7226560DD638}.Release.Ce|Any CPU.ActiveCfg = SingleImage
		{197A0119-7CF3-4A88-9453-7226560DD638}.Release.Ce|Any CPU.Build.0 = SingleImage
		{197A0119-7CF3-4A88-9453-7226560DD638}.Release.SQL|Any CPU.ActiveCfg = SingleImage
		{197A0119-7CF3-4A88-9453-7226560DD638}.Release.SQL|Any CPU.Build.0 = SingleImage
		{197A0119-7CF3-4A88-9453-7226560DD638}.Release.SQLExpressLocal|Any CPU.ActiveCfg = SingleImage
		{197A0119-7CF3-4A88-9453-7226560DD638}.Release.SQLExpressLocal|Any CPU.Build.0 = SingleImage
		{197A0119-7CF3-4A88-9453-7226560DD638}.Release|Any CPU.ActiveCfg = SingleImage
		{197A0119-7CF3-4A88-9453-7226560DD638}.Release|Any CPU.Build.0 = SingleImage
		{197A0119-7CF3-4A88-9453-7226560DD638}.SingleImage|Any CPU.ActiveCfg = SingleImage
		{197A0119-7CF3-4A88-9453-7226560DD638}.SingleImage|Any CPU.Build.0 = SingleImage
		{197A0119-7CF3-4A88-9453-7226560DD638}.WebDeployment|Any CPU.ActiveCfg = SingleImage
		{197A0119-7CF3-4A88-9453-7226560DD638}.WebDeployment|Any CPU.Build.0 = SingleImage
	EndGlobalSection
	GlobalSection(SolutionProperties) = preSolution
		HideSolutionNode = FALSE
	EndGlobalSection
EndGlobal
